
Microsoft Visual Studio Solution File, Format Version 12.00
# Visual Studio Version 17
VisualStudioVersion = 17.4.33213.308
MinimumVisualStudioVersion = 10.0.40219.1
Project("{FAE04EC0-301F-11D3-BF4B-00C04F79EFBC}") = "StevensGameCorner", "StevensGameCorner\StevensGameCorner.csproj", "{BF69EAF2-3FA3-45B1-8425-18E11D1316CD}"
EndProject
Global
	GlobalSection(SolutionConfigurationPlatforms) = preSolution
		Debug|Any CPU = Debug|Any CPU
		Release|Any CPU = Release|Any CPU
	EndGlobalSection
	GlobalSection(ProjectConfigurationPlatforms) = postSolution
		{BF69EAF2-3FA3-45B1-8425-18E11D1316CD}.Debug|Any CPU.ActiveCfg = Debug|Any CPU
		{BF69EAF2-3FA3-45B1-8425-18E11D1316CD}.Debug|Any CPU.Build.0 = Debug|Any CPU
		{BF69EAF2-3FA3-45B1-8425-18E11D1316CD}.Release|Any CPU.ActiveCfg = Release|Any CPU
		{BF69EAF2-3FA3-45B1-8425-18E11D1316CD}.Release|Any CPU.Build.0 = Release|Any CPU
	EndGlobalSection
	GlobalSection(SolutionProperties) = preSolution
		HideSolutionNode = FALSE
	EndGlobalSection
	GlobalSection(ExtensibilityGlobals) = postSolution
		SolutionGuid = {B400AAC9-D9A0-488B-9F48-46ECB808A1D3}
	EndGlobalSection
EndGlobal
